{
  "requires": true,
  "lockfileVersion": 1,
  "dependencies": {
    "angular": {
      "version": "1.6.9",
      "resolved": "https://registry.npmjs.org/angular/-/angular-1.6.9.tgz",
      "integrity": "sha512-6igWH2GIsxV+J38wNWCh8oyjaZsrIPIDO35twloIUyjlF2Yit6UyLAWujHP05ma/LFxTsx4NtYibRoMNBXPR1A=="
    },
    "angularjs-color-picker": {
      "version": "3.4.8",
      "resolved": "https://registry.npmjs.org/angularjs-color-picker/-/angularjs-color-picker-3.4.8.tgz",
      "integrity": "sha1-DyHde3l1mZyC4wZbJfPWmAGPHLk=",
      "requires": {
        "angular": "1.6.9",
        "tinycolor2": "1.4.1"
      }
    },
    "tinycolor2": {
      "version": "1.4.1",
      "resolved": "https://registry.npmjs.org/tinycolor2/-/tinycolor2-1.4.1.tgz",
      "integrity": "sha1-9PrTM0R7wLB9TcjpIJ2POaisd+g="
    }
  }
}
